# This file is automatically generated by cargo-component.
# It is not intended for manual editing.
version = 1

[[package]]
name = "tanishiking:ferris-says"

[[package.version]]
requirement = "^1.0.0"
version = "1.0.0"
digest = "sha256:60f04b2f5b3c9731a4122190f547260e2f414479aa1a39695660033d253ea3f1"
