# This file is automatically generated by cargo-component.
# It is not intended for manual editing.
version = 1

[[package]]
name = "tanishiking:hello-wasip2"

[[package.version]]
requirement = "^0.1.0"
version = "0.1.0"
digest = "sha256:c2ca77f10dcd5a35fa9d00b0b99a7e4de8d70708cb24b1201e2a01a7cb5d1344"
